
Microsoft Visual Studio Solution File, Format Version 12.00
# Visual Studio 14
VisualStudioVersion = 14.0.25420.1
MinimumVisualStudioVersion = 10.0.40219.1
Project("{FAE04EC0-301F-11D3-BF4B-00C04F79EFBC}") = "TTA-HighSchools", "TTA-HighSchools\TTA-HighSchools.csproj", "{CCC27F95-9172-4F3D-B22E-8DE37FF0015F}"
EndProject
Project("{FAE04EC0-301F-11D3-BF4B-00C04F79EFBC}") = "TTA-HighSchools.Tests", "TTA-HighSchools.Tests\TTA-HighSchools.Tests.csproj", "{55289324-5BF4-4416-B9DD-4C5B671911BD}"
EndProject
Global
	GlobalSection(SolutionConfigurationPlatforms) = preSolution
		Debug|Any CPU = Debug|Any CPU
		Release|Any CPU = Release|Any CPU
	EndGlobalSection
	GlobalSection(ProjectConfigurationPlatforms) = postSolution
		{CCC27F95-9172-4F3D-B22E-8DE37FF0015F}.Debug|Any CPU.ActiveCfg = Debug|Any CPU
		{CCC27F95-9172-4F3D-B22E-8DE37FF0015F}.Debug|Any CPU.Build.0 = Debug|Any CPU
		{CCC27F95-9172-4F3D-B22E-8DE37FF0015F}.Release|Any CPU.ActiveCfg = Release|Any CPU
		{CCC27F95-9172-4F3D-B22E-8DE37FF0015F}.Release|Any CPU.Build.0 = Release|Any CPU
		{55289324-5BF4-4416-B9DD-4C5B671911BD}.Debug|Any CPU.ActiveCfg = Debug|Any CPU
		{55289324-5BF4-4416-B9DD-4C5B671911BD}.Debug|Any CPU.Build.0 = Debug|Any CPU
		{55289324-5BF4-4416-B9DD-4C5B671911BD}.Release|Any CPU.ActiveCfg = Release|Any CPU
		{55289324-5BF4-4416-B9DD-4C5B671911BD}.Release|Any CPU.Build.0 = Release|Any CPU
	EndGlobalSection
	GlobalSection(SolutionProperties) = preSolution
		HideSolutionNode = FALSE
	EndGlobalSection
EndGlobal
